Microsoft Visual Studio Solution File, Format Version 12.00
# Visual Studio Version 17
VisualStudioVersion = 17.5.2.0
MinimumVisualStudioVersion = 10.0.40219.1
Project("{FAE04EC0-301F-11D3-BF4B-00C04F79EFBC}") = "DevDay25", "DevDay25\DevDay25.csproj", "{4563CEE9-2E69-4EF2-30AD-B957D7711586}"
EndProject
Global
	GlobalSection(SolutionConfigurationPlatforms) = preSolution
		Debug|Any CPU = Debug|Any CPU
		Release|Any CPU = Release|Any CPU
	EndGlobalSection
	GlobalSection(ProjectConfigurationPlatforms) = postSolution
		{4563CEE9-2E69-4EF2-30AD-B957D7711586}.Debug|Any CPU.ActiveCfg = Debug|Any CPU
		{4563CEE9-2E69-4EF2-30AD-B957D7711586}.Debug|Any CPU.Build.0 = Debug|Any CPU
		{4563CEE9-2E69-4EF2-30AD-B957D7711586}.Release|Any CPU.ActiveCfg = Release|Any CPU
		{4563CEE9-2E69-4EF2-30AD-B957D7711586}.Release|Any CPU.Build.0 = Release|Any CPU
	EndGlobalSection
	GlobalSection(SolutionProperties) = preSolution
		HideSolutionNode = FALSE
	EndGlobalSection
	GlobalSection(ExtensibilityGlobals) = postSolution
		SolutionGuid = {FBB1D47F-3AC0-481F-93E0-5F88E105A082}
	EndGlobalSection
EndGlobal
